{
  "version": "2",
  "remote": {
    "https://deno.land/std@0.140.0/_util/assert.ts": "e94f2eb37cebd7f199952e242c77654e43333c1ac4c5c700e929ea3aa5489f74",
    "https://deno.land/std@0.140.0/_util/os.ts": "3b4c6e27febd119d36a416d7a97bd3b0251b77c88942c8f16ee5953ea13e2e49",
    "https://deno.land/std@0.140.0/fs/_util.ts": "0fb24eb4bfebc2c194fb1afdb42b9c3dda12e368f43e8f2321f84fc77d42cb0f",
    "https://deno.land/std@0.140.0/fs/ensure_dir.ts": "9dc109c27df4098b9fc12d949612ae5c9c7169507660dcf9ad90631833209d9d",
    "https://deno.land/std@0.140.0/fs/expand_glob.ts": "0c10130d67c9b02164b03df8e43c6d6defbf8e395cb69d09e84a8586e6d72ac3",
    "https://deno.land/std@0.140.0/fs/walk.ts": "117403ccd21fd322febe56ba06053b1ad5064c802170f19b1ea43214088fe95f",
    "https://deno.land/std@0.140.0/path/_constants.ts": "df1db3ffa6dd6d1252cc9617e5d72165cd2483df90e93833e13580687b6083c3",
    "https://deno.land/std@0.140.0/path/_interface.ts": "ee3b431a336b80cf445441109d089b70d87d5e248f4f90ff906820889ecf8d09",
    "https://deno.land/std@0.140.0/path/_util.ts": "c1e9686d0164e29f7d880b2158971d805b6e0efc3110d0b3e24e4b8af2190d2b",
    "https://deno.land/std@0.140.0/path/common.ts": "bee563630abd2d97f99d83c96c2fa0cca7cee103e8cb4e7699ec4d5db7bd2633",
    "https://deno.land/std@0.140.0/path/glob.ts": "cb5255638de1048973c3e69e420c77dc04f75755524cb3b2e160fe9277d939ee",
    "https://deno.land/std@0.140.0/path/mod.ts": "d3e68d0abb393fb0bf94a6d07c46ec31dc755b544b13144dee931d8d5f06a52d",
    "https://deno.land/std@0.140.0/path/posix.ts": "293cdaec3ecccec0a9cc2b534302dfe308adb6f10861fa183275d6695faace44",
    "https://deno.land/std@0.140.0/path/separator.ts": "fe1816cb765a8068afb3e8f13ad272351c85cbc739af56dacfc7d93d710fe0f9",
    "https://deno.land/std@0.140.0/path/win32.ts": "31811536855e19ba37a999cd8d1b62078235548d67902ece4aa6b814596dd757",
    "https://deno.land/std@0.150.0/_util/assert.ts": "e94f2eb37cebd7f199952e242c77654e43333c1ac4c5c700e929ea3aa5489f74",
    "https://deno.land/std@0.150.0/_util/os.ts": "3b4c6e27febd119d36a416d7a97bd3b0251b77c88942c8f16ee5953ea13e2e49",
    "https://deno.land/std@0.150.0/async/abortable.ts": "87aa7230be8360c24ad437212311c9e8d4328854baec27b4c7abb26e85515c06",
    "https://deno.land/std@0.150.0/async/deadline.ts": "48ac998d7564969f3e6ec6b6f9bf0217ebd00239b1b2292feba61272d5dd58d0",
    "https://deno.land/std@0.150.0/async/debounce.ts": "564273ef242bcfcda19a439132f940db8694173abffc159ea34f07d18fc42620",
    "https://deno.land/std@0.150.0/async/deferred.ts": "bc18e28108252c9f67dfca2bbc4587c3cbf3aeb6e155f8c864ca8ecff992b98a",
    "https://deno.land/std@0.150.0/async/delay.ts": "cbbdf1c87d1aed8edc7bae13592fb3e27e3106e0748f089c263390d4f49e5f6c",
    "https://deno.land/std@0.150.0/async/mod.ts": "9852cd8ed897ab2d41a8fbee611d574e97898327db5c19d9d58e41126473f02c",
    "https://deno.land/std@0.150.0/async/mux_async_iterator.ts": "5b4aca6781ad0f2e19ccdf1d1a1c092ccd3e00d52050d9c27c772658c8367256",
    "https://deno.land/std@0.150.0/async/pool.ts": "ef9eb97b388543acbf0ac32647121e4dbe629236899586c4d4311a8770fbb239",
    "https://deno.land/std@0.150.0/async/tee.ts": "bcfae0017ebb718cf4eef9e2420e8675d91cb1bcc0ed9b668681af6e6caad846",
    "https://deno.land/std@0.150.0/flags/mod.ts": "594472736e24b2f2afd3451cf7ccd58a21706ce91006478a544fdfa056c69697",
    "https://deno.land/std@0.150.0/fs/_util.ts": "2cf50bfb1081c2d5f2efec10ac19abbc2baf478e51cd1b057d0da2f30585b6ba",
    "https://deno.land/std@0.150.0/fs/walk.ts": "6ce8d87fbaeda23383e979599ad27f3f94b3e5ff0c0cd976b5fc5c2aa0df7d92",
    "https://deno.land/std@0.150.0/http/http_status.ts": "897575a7d6bc2b9123f6a38ecbc0f03d95a532c5d92029315dc9f508e12526b8",
    "https://deno.land/std@0.150.0/http/server.ts": "0b0a9f3abfcfecead944b31ee9098a0c11a59b0495bf873ee200eb80e7441483",
    "https://deno.land/std@0.150.0/media_types/_util.ts": "ce9b4fc4ba1c447dafab619055e20fd88236ca6bdd7834a21f98bd193c3fbfa1",
    "https://deno.land/std@0.150.0/media_types/mod.ts": "2d4b6f32a087029272dc59e0a55ae3cc4d1b27b794ccf528e94b1925795b3118",
    "https://deno.land/std@0.150.0/media_types/vendor/mime-db.v1.52.0.ts": "724cee25fa40f1a52d3937d6b4fbbfdd7791ff55e1b7ac08d9319d5632c7f5af",
    "https://deno.land/std@0.150.0/path/_constants.ts": "df1db3ffa6dd6d1252cc9617e5d72165cd2483df90e93833e13580687b6083c3",
    "https://deno.land/std@0.150.0/path/_interface.ts": "ee3b431a336b80cf445441109d089b70d87d5e248f4f90ff906820889ecf8d09",
    "https://deno.land/std@0.150.0/path/_util.ts": "c1e9686d0164e29f7d880b2158971d805b6e0efc3110d0b3e24e4b8af2190d2b",
    "https://deno.land/std@0.150.0/path/common.ts": "bee563630abd2d97f99d83c96c2fa0cca7cee103e8cb4e7699ec4d5db7bd2633",
    "https://deno.land/std@0.150.0/path/glob.ts": "cb5255638de1048973c3e69e420c77dc04f75755524cb3b2e160fe9277d939ee",
    "https://deno.land/std@0.150.0/path/mod.ts": "4945b430b759b0b3d98f2a278542cbcf95e0ad2bd8eaaed3c67322b306b2b346",
    "https://deno.land/std@0.150.0/path/posix.ts": "c1f7afe274290ea0b51da07ee205653b2964bd74909a82deb07b69a6cc383aaa",
    "https://deno.land/std@0.150.0/path/separator.ts": "fe1816cb765a8068afb3e8f13ad272351c85cbc739af56dacfc7d93d710fe0f9",
    "https://deno.land/std@0.150.0/path/win32.ts": "bd7549042e37879c68ff2f8576a25950abbfca1d696d41d82c7bca0b7e6f452c",
    "https://deno.land/std@0.150.0/semver/mod.ts": "4a5195fa81b4aede8875a386550a1119f01fb58d74aea899b2cfb136c05a7310",
    "https://deno.land/std@0.152.0/async/abortable.ts": "87aa7230be8360c24ad437212311c9e8d4328854baec27b4c7abb26e85515c06",
    "https://deno.land/std@0.152.0/async/deadline.ts": "48ac998d7564969f3e6ec6b6f9bf0217ebd00239b1b2292feba61272d5dd58d0",
    "https://deno.land/std@0.152.0/async/debounce.ts": "564273ef242bcfcda19a439132f940db8694173abffc159ea34f07d18fc42620",
    "https://deno.land/std@0.152.0/async/deferred.ts": "bc18e28108252c9f67dfca2bbc4587c3cbf3aeb6e155f8c864ca8ecff992b98a",
    "https://deno.land/std@0.152.0/async/delay.ts": "cbbdf1c87d1aed8edc7bae13592fb3e27e3106e0748f089c263390d4f49e5f6c",
    "https://deno.land/std@0.152.0/async/mod.ts": "dd0a8ed4f3984ffabe2fcca7c9f466b7932d57b1864ffee148a5d5388316db6b",
    "https://deno.land/std@0.152.0/async/mux_async_iterator.ts": "5b4aca6781ad0f2e19ccdf1d1a1c092ccd3e00d52050d9c27c772658c8367256",
    "https://deno.land/std@0.152.0/async/pool.ts": "ef9eb97b388543acbf0ac32647121e4dbe629236899586c4d4311a8770fbb239",
    "https://deno.land/std@0.152.0/async/tee.ts": "bcfae0017ebb718cf4eef9e2420e8675d91cb1bcc0ed9b668681af6e6caad846",
    "https://deno.land/std@0.152.0/http/server.ts": "0b0a9f3abfcfecead944b31ee9098a0c11a59b0495bf873ee200eb80e7441483",
    "https://deno.land/x/code_block_writer@11.0.3/mod.ts": "2c3448060e47c9d08604c8f40dee34343f553f33edcdfebbf648442be33205e5",
    "https://deno.land/x/code_block_writer@11.0.3/utils/string_utils.ts": "60cb4ec8bd335bf241ef785ccec51e809d576ff8e8d29da43d2273b69ce2a6ff",
    "https://deno.land/x/denoflate@1.2.1/mod.ts": "f5628e44b80b3d80ed525afa2ba0f12408e3849db817d47a883b801f9ce69dd6",
    "https://deno.land/x/denoflate@1.2.1/pkg/denoflate.js": "b9f9ad9457d3f12f28b1fb35c555f57443427f74decb403113d67364e4f2caf4",
    "https://deno.land/x/denoflate@1.2.1/pkg/denoflate_bg.wasm.js": "d581956245407a2115a3d7e8d85a9641c032940a8e810acbd59ca86afd34d44d",
    "https://deno.land/x/esbuild@v0.14.51/mod.d.ts": "c142324d0383c39de0d7660cd207a7f7f52c7198a13d7d3281c0d636a070f441",
    "https://deno.land/x/esbuild@v0.14.51/mod.js": "7432566c71fac77637822dc230319c7392a2d2fef51204c9d12c956d7093c279",
    "https://deno.land/x/esbuild@v0.14.51/wasm.d.ts": "c142324d0383c39de0d7660cd207a7f7f52c7198a13d7d3281c0d636a070f441",
    "https://deno.land/x/esbuild@v0.14.51/wasm.js": "afc1b6927543b664af60ce452c4929e5dc2bb9a0f4ed47b446a6431847c7598e",
    "https://deno.land/x/esbuild_deno_loader@0.5.2/deps.ts": "bf83c27b7787b2f245fa0bc0b99f5041aa949c000a81c016cfe828d06b476d37",
    "https://deno.land/x/esbuild_deno_loader@0.5.2/mod.ts": "bc111a68f323dbdb6edec68dd558ab732b27866d2ef304708872d763387b65d7",
    "https://deno.land/x/esbuild_deno_loader@0.5.2/src/deno.ts": "0e83ccabbe2b004389288e38df2031b79eb347df2d139fce9394d8e88a11f259",
    "https://deno.land/x/esbuild_deno_loader@0.5.2/src/native_loader.ts": "343854a566cf510cf25144f7c09fc0c1097780a31830305142a075d12bb697ba",
    "https://deno.land/x/esbuild_deno_loader@0.5.2/src/portable_loader.ts": "35b6c526eed8c2c781a3256b23c30aa7cce69c0ef1d583c15528663287ba18a3",
    "https://deno.land/x/esbuild_deno_loader@0.5.2/src/shared.ts": "b64749cd8c0f6252a11498bd8758ef1220003e46b2c9b68e16da63fd7e92b13a",
    "https://deno.land/x/fresh@1.1.2/dev.ts": "a66c7d64be35bcd6a8e12eec9c27ae335044c70363a241f2e36ee776db468622",
    "https://deno.land/x/fresh@1.1.2/runtime.ts": "b02ec1e2e32cf73a33d262b7c9dcab9468ce16cd89fd424196c71003698a4ab0",
    "https://deno.land/x/fresh@1.1.2/server.ts": "f379c9aad24471a71e58fb887fa57e5cc27ad9df035987eb260541c78df38e84",
    "https://deno.land/x/fresh@1.1.2/src/dev/deps.ts": "de5470828c17839c0b52c328e6709f3477740b9800deaf724d6569b64b1d3872",
    "https://deno.land/x/fresh@1.1.2/src/dev/error.ts": "21a38d240c00279662e6adde41367f1da0ae7e2836d993f818ea94aabab53e7b",
    "https://deno.land/x/fresh@1.1.2/src/dev/mod.ts": "f5836b2eccd0efd7c0a726a121f174a974daefc22058f759f07d4df56c46e978",
    "https://deno.land/x/fresh@1.1.2/src/runtime/csp.ts": "9ee900e9b0b786057b1009da5976298c202d1b86d1f1e4d2510bde5f06530ac9",
    "https://deno.land/x/fresh@1.1.2/src/runtime/head.ts": "0f9932874497ab6e57ed1ba01d549e843523df4a5d36ef97460e7a43e3132fdc",
    "https://deno.land/x/fresh@1.1.2/src/runtime/utils.ts": "8320a874a44bdd5905c7d4b87a0e7a14a6c50a2ed133800e72ae57341e4d4faa",
    "https://deno.land/x/fresh@1.1.2/src/server/bundle.ts": "f529a54ea5e078b9bd94c64c2ad345a3ba763b39c25b6e61f90629bdfa39c2ff",
    "https://deno.land/x/fresh@1.1.2/src/server/constants.ts": "ad10dda1bc20c25c2926f6a8cfd79ef4368d70b4b03a645f65c04b3fa7d93a8c",
    "https://deno.land/x/fresh@1.1.2/src/server/context.ts": "b385b982de2e5ee6e543dd56aad0e88f8f8fe5d9497909cf16caaf23b4d88b62",
    "https://deno.land/x/fresh@1.1.2/src/server/default_error_page.ts": "1155ac98b3729bf2e51be730af507e431db0ee43ac84c86f1c022a831b310106",
    "https://deno.land/x/fresh@1.1.2/src/server/deps.ts": "1c4e05b7d6e4eecc0012c9ec30ee587d8f533ab67c2bcb59048ed5f76841a770",
    "https://deno.land/x/fresh@1.1.2/src/server/htmlescape.ts": "834ac7d0caa9fc38dffd9b8613fb47aeecd4f22d5d70c51d4b20a310c085835c",
    "https://deno.land/x/fresh@1.1.2/src/server/mod.ts": "72d213444334dd2e94c757a0eee0fc486c0919399ea9184d07ad042f34edd00d",
    "https://deno.land/x/fresh@1.1.2/src/server/render.ts": "6f50707bd1f6e33ed84bb71ae3b0996d202b953cefc4285f5356524c7b21f01f",
    "https://deno.land/x/fresh@1.1.2/src/server/types.ts": "dde992ab4ee635df71a7fc96fe4cd85943c1a9286ea8eb586563d5f5ca154955",
    "https://deno.land/x/importmap@0.2.1/_util.ts": "ada9a9618b537e6c0316c048a898352396c882b9f2de38aba18fd3f2950ede89",
    "https://deno.land/x/importmap@0.2.1/mod.ts": "ae3d1cd7eabd18c01a4960d57db471126b020f23b37ef14e1359bbb949227ade",
    "https://deno.land/x/rutt@0.0.13/mod.ts": "af981cfb95131152bf50fc9140fc00cb3efb6563df2eded1d408361d8577df20",
    "https://deno.land/x/ts_morph@16.0.0/common/DenoRuntime.ts": "537800e840d0994f9055164e11bf33eadf96419246af0d3c453793c3ae67bdb3",
    "https://deno.land/x/ts_morph@16.0.0/common/mod.ts": "01985d2ee7da8d1caee318a9d07664774fbee4e31602bc2bb6bb62c3489555ed",
    "https://deno.land/x/ts_morph@16.0.0/common/ts_morph_common.d.ts": "39f2ddefd4995e4344236c44c2bf296069149f45ef6f00440b56e7b32cb2b3bd",
    "https://deno.land/x/ts_morph@16.0.0/common/ts_morph_common.js": "7d908bf4f416aa96de956dc11ecc83b585bed297e16418d496ca04a3481067e0",
    "https://deno.land/x/ts_morph@16.0.0/common/typescript.d.ts": "df7dd83543f14081ca74918d5a80ff60f634f465746cf2aff8924b28bcc3b152",
    "https://deno.land/x/ts_morph@16.0.0/common/typescript.js": "5c59651248a4c41b25fa7beee8e0d0d0fab5f439fa72d478e65abd8241aa533c",
    "https://deno.land/x/ts_morph@16.0.0/mod.ts": "adba9b82f24865d15d2c78ef6074b9a7457011719056c9928c800f130a617c93",
    "https://deno.land/x/ts_morph@16.0.0/ts_morph.d.ts": "38668b0e3780282a56a805425494490b0045d1928bd040c47a94095749dab8c3",
    "https://deno.land/x/ts_morph@16.0.0/ts_morph.js": "9fc0f3d6a3997c2df023fabc4e529d2117d214ffd4fd04247ca2f56c4e9cd470",
    "https://esm.sh/*preact-render-to-string@5.2.4": "0a65784d053ac491a6d2397ad38c14d2fa172240734b374d354fe38a74be873d",
    "https://esm.sh/@faker-js/faker@7.6.0": "6a066985832337b92f8fffafb20cbc091e90d1024b48e03469fa2d6aee87951a",
    "https://esm.sh/preact@10.11.0": "e888b244446037c56f1881173fb51d1f5fa7aae5599e6c5154619346a6a5094e",
    "https://esm.sh/preact@10.11.0/hooks": "2b8ec155eb8b87501663f074acff1d55a9114fa7d88f0b39da06c940af1ff736",
    "https://esm.sh/preact@10.11.0/jsx-runtime": "5c123264f19799ab243211132dded45f6d42d594b5c78dd585f947d07bf20eae",
    "https://esm.sh/react-star-ratings@2.3.0?deps=react,react-dom": "2fa3b6392501739dacf8f7678f564430b434cd3c07ed59c8a993e84b748e2d17",
    "https://esm.sh/react-svg-star-rating@2.1.2?deps=react": "bbb1031fd19af10cbf5c394209435d9274b5cba52c2604f0336663e0d4351539",
    "https://esm.sh/react-svg-star-rating@2.1.2?deps=react,react-dom": "10ce0965c8096f57703644f187ab9d832a9f1d72c884f322472805484b3bb7e7",
    "https://esm.sh/stable/preact@10.11.0/deno/hooks.js": "48b7674c1f0c2a0f8a0f758b786f5bc15ba0f7a4f3a356ecc783848f1e4a1c55",
    "https://esm.sh/stable/preact@10.11.0/deno/hooks/src/index.js": "912138040af8c091d91e716c34eaeb63af6e752cfccb5bfbaea8dba8a4fa24ae",
    "https://esm.sh/stable/preact@10.11.0/deno/jsx-runtime.js": "b5a8e96758c20b5dea05802c6f6962b8a95bfdbd476eb4ea51cf3234f6e09271",
    "https://esm.sh/stable/preact@10.11.0/deno/preact.js": "071b515099e5dff2fe56768be62644e32fab702b194171357ccc4d7d1210144a",
    "https://esm.sh/stable/react@18.2.0/deno/react.js": "806868069cfdb815e028419cf07ebc7a7bcba7f9e31dec9e3a045b9f8e82c1ed",
    "https://esm.sh/v99/@faker-js/faker@7.6.0/deno/faker.js": "b5486b7fdaffaa01c370b79f1f09439c9a51a726156aacbdb24c88a0d240e7ff",
    "https://esm.sh/v99/@faker-js/faker@7.6.0/dist/types/definitions/address.d.ts": "5c4ae37560df0a348eac580b50a98f224ad3af88852f70f1695762566701baca",
    "https://esm.sh/v99/@faker-js/faker@7.6.0/dist/types/definitions/animal.d.ts": "1fd110426bbfd88f902b830bad9397e9ea907a19d1dfe2e1ff492d488844e962",
    "https://esm.sh/v99/@faker-js/faker@7.6.0/dist/types/definitions/color.d.ts": "f5cf4832ed81ceebb2d54c76baba446bd41122ab2bb288647acd0e152f83aa0b",
    "https://esm.sh/v99/@faker-js/faker@7.6.0/dist/types/definitions/commerce.d.ts": "28905ffba4e16cd8836533a273ff52117cc7ce57c308aa7634a2c020729c060f",
    "https://esm.sh/v99/@faker-js/faker@7.6.0/dist/types/definitions/company.d.ts": "fe7858947a1042669d6cfbf37ce163e2e85b38b6202618216d4e3b20ff189a96",
    "https://esm.sh/v99/@faker-js/faker@7.6.0/dist/types/definitions/database.d.ts": "d3d4c106b4c8fcfc890a4453fbcb07348dca27304bd380825a538ce55ee42fc6",
    "https://esm.sh/v99/@faker-js/faker@7.6.0/dist/types/definitions/date.d.ts": "37e350bcfd584e8942bee35dbbf5c439115a8241be7824135c678f58a420a429",
    "https://esm.sh/v99/@faker-js/faker@7.6.0/dist/types/definitions/definitions.d.ts": "c873595cd911f1370bc94156632bf57b1fc9f30e0f67e54cf429965127b74025",
    "https://esm.sh/v99/@faker-js/faker@7.6.0/dist/types/definitions/finance.d.ts": "4e0d987099520f5e2606a9186f878eb0e8400b4f55c66af20517b7432392e221",
    "https://esm.sh/v99/@faker-js/faker@7.6.0/dist/types/definitions/hacker.d.ts": "352fab46c61623cc1832febea1e12cd232b3a6ae2d23f745e65c63b738d51474",
    "https://esm.sh/v99/@faker-js/faker@7.6.0/dist/types/definitions/index.d.ts": "6d36744a68618dc080f2036f9a77e8d1549db8567e9d46004d113c73afc95b8e",
    "https://esm.sh/v99/@faker-js/faker@7.6.0/dist/types/definitions/internet.d.ts": "1660fcb0ee0867c2a06d35db4293c92579587e11fff185f8ae649d0fee390468",
    "https://esm.sh/v99/@faker-js/faker@7.6.0/dist/types/definitions/lorem.d.ts": "fc1a76e45c5329cf242d16c3e9762c86ee5b863eaa86d6bbccd5a7e62a1397ff",
    "https://esm.sh/v99/@faker-js/faker@7.6.0/dist/types/definitions/music.d.ts": "4938eb1bd84615cd98bacb5e9992d747cc2cf9c28944b205270130d5a0a01f1a",
    "https://esm.sh/v99/@faker-js/faker@7.6.0/dist/types/definitions/name.d.ts": "44afeded9fe4f7fef271d318034ba18c0515254fb17b25f40956641e8d48729e",
    "https://esm.sh/v99/@faker-js/faker@7.6.0/dist/types/definitions/phone_number.d.ts": "1c82b11f14081dde7f42296ff3c2458a7a070c178d49a1bb1486dd893ebdc193",
    "https://esm.sh/v99/@faker-js/faker@7.6.0/dist/types/definitions/science.d.ts": "68f602fdd52baa9e415ffa81ca18ac68bec041cf4aef8394129a5b52a5f0d0c2",
    "https://esm.sh/v99/@faker-js/faker@7.6.0/dist/types/definitions/system.d.ts": "2892e2aa82aa5b6bd8033026acf0c3df3a94d2c4e93338a2c73a9a78c0345d79",
    "https://esm.sh/v99/@faker-js/faker@7.6.0/dist/types/definitions/vehicle.d.ts": "cd3f04dfc7bc78084ea1d6227abe56bd38d9b87e955be90ee5c137d789a0cf3a",
    "https://esm.sh/v99/@faker-js/faker@7.6.0/dist/types/definitions/word.d.ts": "35c8f6c738b0213e4e057e01aa95ef0faaf7a10ce2eab30d03d60991082f5095",
    "https://esm.sh/v99/@faker-js/faker@7.6.0/dist/types/errors/faker-error.d.ts": "fdb4804b5b309ee2bf653f392634c43907a2111185b1deb265a8c4f80ed227c8",
    "https://esm.sh/v99/@faker-js/faker@7.6.0/dist/types/faker.d.ts": "d2ab35ae18562c22eebd564f5b3bfd6c3fbe0a5afd47d14dfece518b7ec8fee8",
    "https://esm.sh/v99/@faker-js/faker@7.6.0/dist/types/index.d.ts": "b33137c36792d8054318035e405267d92c5135415271541e765648742927795d",
    "https://esm.sh/v99/@faker-js/faker@7.6.0/dist/types/locales/index.d.ts": "37dc1d78604c626e4ef7828244fbc8d3d2eadbc1842598f783e13e8193fdbc56",
    "https://esm.sh/v99/@faker-js/faker@7.6.0/dist/types/modules/address/index.d.ts": "d3994d3a14ebb1ce3a674489df762edcefcac4c375ad756b85448f0af3eca180",
    "https://esm.sh/v99/@faker-js/faker@7.6.0/dist/types/modules/animal/index.d.ts": "b12500905c1aca61b5327de77787245b03caccb67f30775e309ada318687e898",
    "https://esm.sh/v99/@faker-js/faker@7.6.0/dist/types/modules/color/index.d.ts": "bf1d4f4164336fd50742a1f839d4e0de40903320e178222c05f4961d8f593bb3",
    "https://esm.sh/v99/@faker-js/faker@7.6.0/dist/types/modules/commerce/index.d.ts": "ccbecf4121fde3be57378a2e75b3d04a1934b0ebfa3cc1ba2aa2e3b44a15e9d3",
    "https://esm.sh/v99/@faker-js/faker@7.6.0/dist/types/modules/company/index.d.ts": "a3572da38210d1230ae14ca48af2222d0a082285c649d9cb149c07f1bf8af404",
    "https://esm.sh/v99/@faker-js/faker@7.6.0/dist/types/modules/database/index.d.ts": "53cc16df53caf1e2799e9e2715768ed2a70f3a6e2f95fb2187a39fa1f7b42dfa",
    "https://esm.sh/v99/@faker-js/faker@7.6.0/dist/types/modules/datatype/index.d.ts": "ac7947d037389000a158adf3575224afdbeb493433c515dcd34dcdb3b8454403",
    "https://esm.sh/v99/@faker-js/faker@7.6.0/dist/types/modules/date/index.d.ts": "a294523eb46287a5990b6b85565c338b4b6a32a4f2eb78bfed69cf223fc26a4c",
    "https://esm.sh/v99/@faker-js/faker@7.6.0/dist/types/modules/fake/index.d.ts": "c5e88048eed51be110589ac160db246a98e3f4ad4f7874a5d83533c8ee5ae071",
    "https://esm.sh/v99/@faker-js/faker@7.6.0/dist/types/modules/finance/index.d.ts": "87efbcc9ca33f043fbee2a19fdcb31869787e8501ef377c6af233426dc627df9",
    "https://esm.sh/v99/@faker-js/faker@7.6.0/dist/types/modules/git/index.d.ts": "1310c79c471b89f293f6290ff5c679f107264e0cd03bd018f80e8a3639d67836",
    "https://esm.sh/v99/@faker-js/faker@7.6.0/dist/types/modules/hacker/index.d.ts": "a5727e822fd540f821ce163cef9e40318653969a62c6e32d0ac22454c314eebb",
    "https://esm.sh/v99/@faker-js/faker@7.6.0/dist/types/modules/helpers/index.d.ts": "1f4d07c38aaaad2b523ed9e2a48d4dbec629342c0f2b1af69274cc47c5bec5c4",
    "https://esm.sh/v99/@faker-js/faker@7.6.0/dist/types/modules/helpers/unique.d.ts": "2229052ac7b436329bf1323e705d71eb4057343e12991d50e3260b3ac5c23bdd",
    "https://esm.sh/v99/@faker-js/faker@7.6.0/dist/types/modules/image/index.d.ts": "26ffb255c17ffd1a742fccbd7033f0319045dccac20fc0f275bb3ac11e4b3c90",
    "https://esm.sh/v99/@faker-js/faker@7.6.0/dist/types/modules/image/providers/lorempicsum.d.ts": "e429441badca501de1c0f9af50d727a91016a8fddbba71254da59977e9423172",
    "https://esm.sh/v99/@faker-js/faker@7.6.0/dist/types/modules/image/providers/lorempixel.d.ts": "c51b648c35b6c4d1fbf0bfc876867a64144cab10384cc02203758b34b97a5983",
    "https://esm.sh/v99/@faker-js/faker@7.6.0/dist/types/modules/image/providers/placeholder.d.ts": "615d2c6c46ddc0b7775e7a517ffa699a898fec9db1877351810a9d4dcdda7343",
    "https://esm.sh/v99/@faker-js/faker@7.6.0/dist/types/modules/image/providers/unsplash.d.ts": "f99f5ca8d0c1a0ad8f43ecf037b9158666d1a2a6af68e2900a8968a251896fb6",
    "https://esm.sh/v99/@faker-js/faker@7.6.0/dist/types/modules/internet/index.d.ts": "93832c7078ae975199af564305d0f6b6b81c7afca31291eebc6cef0f0a683800",
    "https://esm.sh/v99/@faker-js/faker@7.6.0/dist/types/modules/lorem/index.d.ts": "22914fbe6b345bb087e1e4bf57b90340cc97cad70725ea03582047899aa9af3b",
    "https://esm.sh/v99/@faker-js/faker@7.6.0/dist/types/modules/mersenne/index.d.ts": "f277087b71ed92aab1cc7e048fbe58f479c7463de339e096078d65e0ceed56bb",
    "https://esm.sh/v99/@faker-js/faker@7.6.0/dist/types/modules/music/index.d.ts": "40b208ddf07b7264fda05e5f36ab7459cf0436a5ffdfa92652be5589aed5dd2d",
    "https://esm.sh/v99/@faker-js/faker@7.6.0/dist/types/modules/name/index.d.ts": "f663532fff402913f833227d8001f04cda10d4ba3cd492c73bf3b11b399374de",
    "https://esm.sh/v99/@faker-js/faker@7.6.0/dist/types/modules/phone/index.d.ts": "8b0424c619a43b33a22a8b6e512e3de20d5c2b925363fd43fed8a813963eede6",
    "https://esm.sh/v99/@faker-js/faker@7.6.0/dist/types/modules/random/index.d.ts": "c2ec0cd93968d335dd21194427e1b53d2b5328f8940bee9305a55eb8b183c1f1",
    "https://esm.sh/v99/@faker-js/faker@7.6.0/dist/types/modules/science/index.d.ts": "7284bfebddb41974dcca0a94916519c197e5dfe9cd858b4b81ffaedcf9bfb98e",
    "https://esm.sh/v99/@faker-js/faker@7.6.0/dist/types/modules/system/index.d.ts": "6c0e6a795dbf1695b11c73f0e172697109909695ac2699d11abd1d2e61a5244e",
    "https://esm.sh/v99/@faker-js/faker@7.6.0/dist/types/modules/unique/index.d.ts": "f79e0bf3362793823cace4955549170e5a6548d26264f1b5e1191ec97dfe4bcf",
    "https://esm.sh/v99/@faker-js/faker@7.6.0/dist/types/modules/vehicle/index.d.ts": "a37f63f18c067dcc15d65cf0ee345b2a2868d79c05aa7e93b602dfcbc4741daa",
    "https://esm.sh/v99/@faker-js/faker@7.6.0/dist/types/modules/word/index.d.ts": "4aefd31aeaf1d9981c959732e450be9c940eab5c33cd740c60c45d740de1f080",
    "https://esm.sh/v99/@faker-js/faker@7.6.0/dist/types/utils/types.d.ts": "97acca320a9d8fc7674461ac99679e868b69d181c9f719d7ef37fe87f3dbc348",
    "https://esm.sh/v99/@types/prop-types@15.7.5/X-ZC9yZWFjdC1kb21AMTguMi4wLHJlYWN0QDE4LjIuMA/index.d.ts": "6a386ff939f180ae8ef064699d8b7b6e62bc2731a62d7fbf5e02589383838dea",
    "https://esm.sh/v99/@types/prop-types@15.7.5/X-ZC9yZWFjdEAxOC4yLjA/index.d.ts": "6a386ff939f180ae8ef064699d8b7b6e62bc2731a62d7fbf5e02589383838dea",
    "https://esm.sh/v99/@types/react-star-ratings@2.3.0/X-ZC9yZWFjdC1kb21AMTguMi4wLHJlYWN0QDE4LjIuMA/index.d.ts": "3783115220896ccb365b8bcef746e953319084172be499784cd78b29dd4ecc41",
    "https://esm.sh/v99/@types/react@18.0.25/X-ZC9yZWFjdC1kb21AMTguMi4wLHJlYWN0QDE4LjIuMA/global.d.ts": "bbdf156fea2fabed31a569445835aeedcc33643d404fcbaa54541f06c109df3f",
    "https://esm.sh/v99/@types/react@18.0.25/X-ZC9yZWFjdC1kb21AMTguMi4wLHJlYWN0QDE4LjIuMA/index.d.ts": "efa683a201720971d888100130cf9dda2ae0d03f3c9572419c5ef5dd6051b060",
    "https://esm.sh/v99/@types/react@18.0.25/X-ZC9yZWFjdEAxOC4yLjA/global.d.ts": "bbdf156fea2fabed31a569445835aeedcc33643d404fcbaa54541f06c109df3f",
    "https://esm.sh/v99/@types/react@18.0.25/X-ZC9yZWFjdEAxOC4yLjA/index.d.ts": "e236b54f8d9802a1bb82d1f7b5489916b75d625cd37141a837ec4e629738ed6c",
    "https://esm.sh/v99/@types/scheduler@0.16.2/X-ZC9yZWFjdC1kb21AMTguMi4wLHJlYWN0QDE4LjIuMA/tracing.d.ts": "f5a8b384f182b3851cec3596ccc96cb7464f8d3469f48c74bf2befb782a19de5",
    "https://esm.sh/v99/@types/scheduler@0.16.2/X-ZC9yZWFjdEAxOC4yLjA/tracing.d.ts": "f5a8b384f182b3851cec3596ccc96cb7464f8d3469f48c74bf2befb782a19de5",
    "https://esm.sh/v99/classnames@2.3.2/X-ZC9yZWFjdC1kb21AMTguMi4wLHJlYWN0QDE4LjIuMA/deno/classnames.js": "50a24357a992edddfacd6d84a1294298665986108b3ce8e01d34381e02232579",
    "https://esm.sh/v99/csstype@3.1.1/X-ZC9yZWFjdC1kb21AMTguMi4wLHJlYWN0QDE4LjIuMA/index.d.ts": "1c29793071152b207c01ea1954e343be9a44d85234447b2b236acae9e709a383",
    "https://esm.sh/v99/csstype@3.1.1/X-ZC9yZWFjdEAxOC4yLjA/index.d.ts": "1c29793071152b207c01ea1954e343be9a44d85234447b2b236acae9e709a383",
    "https://esm.sh/v99/preact-render-to-string@5.2.4/X-ZS8q/deno/preact-render-to-string.js": "75aad97b00d5ad63383de7f729a3f1fea59e69a9b876db5551d9c746ed372f82",
    "https://esm.sh/v99/preact-render-to-string@5.2.4/X-ZS8q/src/index.d.ts": "b1d73703252c8570fdf2952475805f5808ba3511fefbd93a3e7bd8406de7dcd0",
    "https://esm.sh/v99/preact@10.11.0/hooks/src/index": "bc4919811fa088094933030b63e2d77c7b38112576be4736034ac0277e77e0a3",
    "https://esm.sh/v99/preact@10.11.0/hooks/src/index.d.ts": "5c29febb624fc25d71cb0e125848c9b711e233337a08f7eacfade38fd4c14cc3",
    "https://esm.sh/v99/preact@10.11.0/jsx-runtime/src/index.d.ts": "e153460ed2b3fe2ad8b93696ecd48fbf73cd628b0b0ea6692b71804a3af69dfd",
    "https://esm.sh/v99/preact@10.11.0/src/index.d.ts": "1a5c331227be54be6515b0c92a469d352834fa413963ae84a39a05a3177111f6",
    "https://esm.sh/v99/preact@10.11.0/src/jsx.d.ts": "c423715fd7992b2e1446fea11d2d04e8adbd66c1edca1ce5e85f90e0d26a2eb2",
    "https://esm.sh/v99/prop-types@15.8.1/X-ZC9yZWFjdC1kb21AMTguMi4wLHJlYWN0QDE4LjIuMA/deno/prop-types.js": "780d5e86852e689138c654703094d97bff56837193455ee932356a2eff741420",
    "https://esm.sh/v99/react-star-ratings@2.3.0/X-ZC9yZWFjdC1kb21AMTguMi4wLHJlYWN0QDE4LjIuMA/deno/react-star-ratings.js": "9caeba2eee5f612721fcea88c8a433aaf41a88a67e1b6c9ff27f655799bd6e97",
    "https://esm.sh/v99/react-svg-star-rating@2.1.2/X-ZC9yZWFjdC1kb21AMTguMi4wLHJlYWN0QDE4LjIuMA/deno/react-svg-star-rating.js": "3ce0ddb3cb94aa33a2e4868df6854ca98eb3631901dd35e96513a7c4a9f9e575",
    "https://esm.sh/v99/react-svg-star-rating@2.1.2/X-ZC9yZWFjdC1kb21AMTguMi4wLHJlYWN0QDE4LjIuMA/dist/StarRating.d.ts": "ced64e02f7f5d87acf1d0b03cb4ef1ba37c6dca3cbcf450e7562675cd0b236e9",
    "https://esm.sh/v99/react-svg-star-rating@2.1.2/X-ZC9yZWFjdC1kb21AMTguMi4wLHJlYWN0QDE4LjIuMA/dist/index.d.ts": "f0a0da915ce6447aedc5325d8cb4db905817457081c144da5e78097a77902d26",
    "https://esm.sh/v99/react-svg-star-rating@2.1.2/X-ZC9yZWFjdEAxOC4yLjA/deno/react-svg-star-rating.js": "3ce0ddb3cb94aa33a2e4868df6854ca98eb3631901dd35e96513a7c4a9f9e575",
    "https://esm.sh/v99/react-svg-star-rating@2.1.2/X-ZC9yZWFjdEAxOC4yLjA/dist/StarRating.d.ts": "94155aed05344a2797496570ccb3bd48815570b426c85c4cebcce1cefcf3cf4e",
    "https://esm.sh/v99/react-svg-star-rating@2.1.2/X-ZC9yZWFjdEAxOC4yLjA/dist/index.d.ts": "f0a0da915ce6447aedc5325d8cb4db905817457081c144da5e78097a77902d26"
  },
  "npm": {
    "specifiers": { "@faker-js/faker": "@faker-js/faker@7.6.0" },
    "packages": {
      "@faker-js/faker@7.6.0": {
        "integrity": "sha512-XK6BTq1NDMo9Xqw/YkYyGjSsg44fbNwYRx7QK2CuoQgyy+f1rrTDHoExVM5PsyXCtfl2vs2vVJ0MN0yN6LppRw==",
        "dependencies": {}
      }
    }
  }
}
